
Microsoft Visual Studio Solution File, Format Version 12.00
# Visual Studio Version 17
VisualStudioVersion = 17.9.34902.65
MinimumVisualStudioVersion = 10.0.40219.1
Project("{FAE04EC0-301F-11D3-BF4B-00C04F79EFBC}") = "MVCProjectv2", "MVCProjectv2\MVCProjectv2.csproj", "{0B5104BB-876A-40C4-BA37-8AC263C3959A}"
EndProject
Global
	GlobalSection(SolutionConfigurationPlatforms) = preSolution
		Debug|Any CPU = Debug|Any CPU
		Release|Any CPU = Release|Any CPU
	EndGlobalSection
	GlobalSection(ProjectConfigurationPlatforms) = postSolution
		{0B5104BB-876A-40C4-BA37-8AC263C3959A}.Debug|Any CPU.ActiveCfg = Debug|Any CPU
		{0B5104BB-876A-40C4-BA37-8AC263C3959A}.Debug|Any CPU.Build.0 = Debug|Any CPU
		{0B5104BB-876A-40C4-BA37-8AC263C3959A}.Release|Any CPU.ActiveCfg = Release|Any CPU
		{0B5104BB-876A-40C4-BA37-8AC263C3959A}.Release|Any CPU.Build.0 = Release|Any CPU
	EndGlobalSection
	GlobalSection(SolutionProperties) = preSolution
		HideSolutionNode = FALSE
	EndGlobalSection
	GlobalSection(ExtensibilityGlobals) = postSolution
		SolutionGuid = {3CCE8CEB-F1F2-4086-99DE-9DAFCE61606B}
	EndGlobalSection
EndGlobal
